// !$*UTF8*$!
{
	archiveVersion = 1;
	classes = {
	};
	objectVersion = 50;
	objects = {

/* Begin PBXBuildFile section */
		010833B625E94CAE00C8BF6E /* iSpyModel.mlmodel in Sources */ = {isa = PBXBuildFile; fileRef = 010833B525E94CAE00C8BF6E /* iSpyModel.mlmodel */; };
		018734B525E91EE90026B28E /* AppDelegate.swift in Sources */ = {isa = PBXBuildFile; fileRef = 018734B425E91EE90026B28E /* AppDelegate.swift */; };
		018734B725E91EE90026B28E /* SceneDelegate.swift in Sources */ = {isa = PBXBuildFile; fileRef = 018734B625E91EE90026B28E /* SceneDelegate.swift */; };
		018734B925E91EE90026B28E /* ViewController.swift in Sources */ = {isa = PBXBuildFile; fileRef = 018734B825E91EE90026B28E /* ViewController.swift */; };
		018734BC25E91EE90026B28E /* Main.storyboard in Resources */ = {isa = PBXBuildFile; fileRef = 018734BA25E91EE90026B28E /* Main.storyboard */; };
		018734BE25E91EEA0026B28E /* Assets.xcassets in Resources */ = {isa = PBXBuildFile; fileRef = 018734BD25E91EEA0026B28E /* Assets.xcassets */; };
		018734C125E91EEA0026B28E /* LaunchScreen.storyboard in Resources */ = {isa = PBXBuildFile; fileRef = 018734BF25E91EEA0026B28E /* LaunchScreen.storyboard */; };
		018734CA25E91EF40026B28E /* CameraLayer.swift in Sources */ = {isa = PBXBuildFile; fileRef = 018734C925E91EF40026B28E /* CameraLayer.swift */; };
		018734CD25E920940026B28E /* VisionLayer.swift in Sources */ = {isa = PBXBuildFile; fileRef = 018734CC25E920940026B28E /* VisionLayer.swift */; };
		018734D525E923870026B28E /* GameLayer.swift in Sources */ = {isa = PBXBuildFile; fileRef = 018734D425E923870026B28E /* GameLayer.swift */; };
/* End PBXBuildFile section */

/* Begin PBXFileReference section */
		010833B525E94CAE00C8BF6E /* iSpyModel.mlmodel */ = {isa = PBXFileReference; lastKnownFileType = file.mlmodel; path = iSpyModel.mlmodel; sourceTree = "<group>"; };
		018734B125E91EE90026B28E /* iSpy.app */ = {isa = PBXFileReference; explicitFileType = wrapper.application; includeInIndex = 0; path = iSpy.app; sourceTree = BUILT_PRODUCTS_DIR; };
		018734B425E91EE90026B28E /* AppDelegate.swift */ = {isa = PBXFileReference; lastKnownFileType = sourcecode.swift; path = AppDelegate.swift; sourceTree = "<group>"; };
		018734B625E91EE90026B28E /* SceneDelegate.swift */ = {isa = PBXFileReference; lastKnownFileType = sourcecode.swift; path = SceneDelegate.swift; sourceTree = "<group>"; };
		018734B825E91EE90026B28E /* ViewController.swift */ = {isa = PBXFileReference; lastKnownFileType = sourcecode.swift; path = ViewController.swift; sourceTree = "<group>"; };
		018734BB25E91EE90026B28E /* Base */ = {isa = PBXFileReference; lastKnownFileType = file.storyboard; name = Base; path = Base.lproj/Main.storyboard; sourceTree = "<group>"; };
		018734BD25E91EEA0026B28E /* Assets.xcassets */ = {isa = PBXFileReference; lastKnownFileType = folder.assetcatalog; path = Assets.xcassets; sourceTree = "<group>"; };
		018734C025E91EEA0026B28E /* Base */ = {isa = PBXFileReference; lastKnownFileType = file.storyboard; name = Base; path = Base.lproj/LaunchScreen.storyboard; sourceTree = "<group>"; };
		018734C225E91EEA0026B28E /* Info.plist */ = {isa = PBXFileReference; lastKnownFileType = text.plist.xml; path = Info.plist; sourceTree = "<group>"; };
		018734C925E91EF40026B28E /* CameraLayer.swift */ = {isa = PBXFileReference; lastKnownFileType = sourcecode.swift; path = CameraLayer.swift; sourceTree = "<group>"; };
		018734CC25E920940026B28E /* VisionLayer.swift */ = {isa = PBXFileReference; lastKnownFileType = sourcecode.swift; path = VisionLayer.swift; sourceTree = "<group>"; };
		018734D425E923870026B28E /* GameLayer.swift */ = {isa = PBXFileReference; lastKnownFileType = sourcecode.swift; path = GameLayer.swift; sourceTree = "<group>"; };
/* End PBXFileReference section */

/* Begin PBXFrameworksBuildPhase section */
		018734AE25E91EE90026B28E /* Frameworks */ = {
			isa = PBXFrameworksBuildPhase;
			buildActionMask = 2147483647;
			files = (
			);
			runOnlyForDeploymentPostprocessing = 0;
		};
/* End PBXFrameworksBuildPhase section */

/* Begin PBXGroup section */
		018734A825E91EE90026B28E = {
			isa = PBXGroup;
			children = (
				018734B325E91EE90026B28E /* iSpy */,
				018734B225E91EE90026B28E /* Products */,
			);
			sourceTree = "<group>";
		};
		018734B225E91EE90026B28E /* Products */ = {
			isa = PBXGroup;
			children = (
				018734B125E91EE90026B28E /* iSpy.app */,
			);
			name = Products;
			sourceTree = "<group>";
		};
		018734B325E91EE90026B28E /* iSpy */ = {
			isa = PBXGroup;
			children = (
				018734B425E91EE90026B28E /* AppDelegate.swift */,
				010833B525E94CAE00C8BF6E /* iSpyModel.mlmodel */,
				018734B625E91EE90026B28E /* SceneDelegate.swift */,
				018734B825E91EE90026B28E /* ViewController.swift */,
				018734C925E91EF40026B28E /* CameraLayer.swift */,
				018734CC25E920940026B28E /* VisionLayer.swift */,
				018734D425E923870026B28E /* GameLayer.swift */,
				018734BA25E91EE90026B28E /* Main.storyboard */,
				018734BD25E91EEA0026B28E /* Assets.xcassets */,
				018734BF25E91EEA0026B28E /* LaunchScreen.storyboard */,
				018734C225E91EEA0026B28E /* Info.plist */,
			);
			path = iSpy;
			sourceTree = "<group>";
		};
/* End PBXGroup section */

/* Begin PBXNativeTarget section */
		018734B025E91EE90026B28E /* iSpy */ = {
			isa = PBXNativeTarget;
			buildConfigurationList = 018734C525E91EEA0026B28E /* Build configuration list for PBXNativeTarget "iSpy" */;
			buildPhases = (
				018734AD25E91EE90026B28E /* Sources */,
				018734AE25E91EE90026B28E /* Frameworks */,
				018734AF25E91EE90026B28E /* Resources */,
			);
			buildRules = (
			);
			dependencies = (
			);
			name = iSpy;
			productName = iSpy;
			productReference = 018734B125E91EE90026B28E /* iSpy.app */;
			productType = "com.apple.product-type.application";
		};
/* End PBXNativeTarget section */

/* Begin PBXProject section */
		018734A925E91EE90026B28E /* Project object */ = {
			isa = PBXProject;
			attributes = {
				LastSwiftUpdateCheck = 1240;
				LastUpgradeCheck = 1240;
				TargetAttributes = {
					018734B025E91EE90026B28E = {
						CreatedOnToolsVersion = 12.4;
					};
				};
			};
			buildConfigurationList = 018734AC25E91EE90026B28E /* Build configuration list for PBXProject "iSpy" */;
			compatibilityVersion = "Xcode 9.3";
			developmentRegion = en;
			hasScannedForEncodings = 0;
			knownRegions = (
				en,
				Base,
			);
			mainGroup = 018734A825E91EE90026B28E;
			productRefGroup = 018734B225E91EE90026B28E /* Products */;
			projectDirPath = "";
			projectRoot = "";
			targets = (
				018734B025E91EE90026B28E /* iSpy */,
			);
		};
/* End PBXProject section */

/* Begin PBXResourcesBuildPhase section */
		018734AF25E91EE90026B28E /* Resources */ = {
			isa = PBXResourcesBuildPhase;
			buildActionMask = 2147483647;
			files = (
				018734C125E91EEA0026B28E /* LaunchScreen.storyboard in Resources */,
				018734BE25E91EEA0026B28E /* Assets.xcassets in Resources */,
				018734BC25E91EE90026B28E /* Main.storyboard in Resources */,
			);
			runOnlyForDeploymentPostprocessing = 0;
		};
/* End PBXResourcesBuildPhase section */

/* Begin PBXSourcesBuildPhase section */
		018734AD25E91EE90026B28E /* Sources */ = {
			isa = PBXSourcesBuildPhase;
			buildActionMask = 2147483647;
			files = (
				018734CD25E920940026B28E /* VisionLayer.swift in Sources */,
				018734B925E91EE90026B28E /* ViewController.swift in Sources */,
				010833B625E94CAE00C8BF6E /* iSpyModel.mlmodel in Sources */,
				018734B525E91EE90026B28E /* AppDelegate.swift in Sources */,
				018734D525E923870026B28E /* GameLayer.swift in Sources */,
				018734B725E91EE90026B28E /* SceneDelegate.swift in Sources */,
				018734CA25E91EF40026B28E /* CameraLayer.swift in Sources */,
			);
			runOnlyForDeploymentPostprocessing = 0;
		};
/* End PBXSourcesBuildPhase section */

/* Begin PBXVariantGroup section */
		018734BA25E91EE90026B28E /* Main.storyboard */ = {
			isa = PBXVariantGroup;
			children = (
				018734BB25E91EE90026B28E /* Base */,
			);
			name = Main.storyboard;
			sourceTree = "<group>";
		};
		018734BF25E91EEA0026B28E /* LaunchScreen.storyboard */ = {
			isa = PBXVariantGroup;
			children = (
				018734C025E91EEA0026B28E /* Base */,
			);
			name = LaunchScreen.storyboard;
			sourceTree = "<group>";
		};
/* End PBXVariantGroup section */

/* Begin XCBuildConfiguration section */
		018734C325E91EEA0026B28E /* Debug */ = {
			isa = XCBuildConfiguration;
			buildSettings = {
				ALWAYS_SEARCH_USER_PATHS = NO;
				CLANG_ANALYZER_NONNULL = YES;
				CLANG_ANALYZER_NUMBER_OBJECT_CONVERSION = YES_AGGRESSIVE;
				CLANG_CXX_LANGUAGE_STANDARD = "gnu++14";
				CLANG_CXX_LIBRARY = "libc++";
				CLANG_ENABLE_MODULES = YES;
				CLANG_ENABLE_OBJC_ARC = YES;
				CLANG_ENABLE_OBJC_WEAK = YES;
				CLANG_WARN_BLOCK_CAPTURE_AUTORELEASING = YES;
				CLANG_WARN_BOOL_CONVERSION = YES;
				CLANG_WARN_COMMA = YES;
				CLANG_WARN_CONSTANT_CONVERSION = YES;
				CLANG_WARN_DEPRECATED_OBJC_IMPLEMENTATIONS = YES;
				CLANG_WARN_DIRECT_OBJC_ISA_USAGE = YES_ERROR;
				CLANG_WARN_DOCUMENTATION_COMMENTS = YES;
				CLANG_WARN_EMPTY_BODY = YES;
				CLANG_WARN_ENUM_CONVERSION = YES;
				CLANG_WARN_INFINITE_RECURSION = YES;
				CLANG_WARN_INT_CONVERSION = YES;
				CLANG_WARN_NON_LITERAL_NULL_CONVERSION = YES;
				CLANG_WARN_OBJC_IMPLICIT_RETAIN_SELF = YES;
				CLANG_WARN_OBJC_LITERAL_CONVERSION = YES;
				CLANG_WARN_OBJC_ROOT_CLASS = YES_ERROR;
				CLANG_WARN_QUOTED_INCLUDE_IN_FRAMEWORK_HEADER = YES;
				CLANG_WARN_RANGE_LOOP_ANALYSIS = YES;
				CLANG_WARN_STRICT_PROTOTYPES = YES;
				CLANG_WARN_SUSPICIOUS_MOVE = YES;
				CLANG_WARN_UNGUARDED_AVAILABILITY = YES_AGGRESSIVE;
				CLANG_WARN_UNREACHABLE_CODE = YES;
				CLANG_WARN__DUPLICATE_METHOD_MATCH = YES;
				COPY_PHASE_STRIP = NO;
				DEBUG_INFORMATION_FORMAT = dwarf;
				ENABLE_STRICT_OBJC_MSGSEND = YES;
				ENABLE_TESTABILITY = YES;
				GCC_C_LANGUAGE_STANDARD = gnu11;
				GCC_DYNAMIC_NO_PIC = NO;
				GCC_NO_COMMON_BLOCKS = YES;
				GCC_OPTIMIZATION_LEVEL = 0;
				GCC_PREPROCESSOR_DEFINITIONS = (
					"DEBUG=1",
					"$(inherited)",
				);
				GCC_WARN_64_TO_32_BIT_CONVERSION = YES;
				GCC_WARN_ABOUT_RETURN_TYPE = YES_ERROR;
				GCC_WARN_UNDECLARED_SELECTOR = YES;
				GCC_WARN_UNINITIALIZED_AUTOS = YES_AGGRESSIVE;
				GCC_WARN_UNUSED_FUNCTION = YES;
				GCC_WARN_UNUSED_VARIABLE = YES;
				IPHONEOS_DEPLOYMENT_TARGET = 14.4;
				MTL_ENABLE_DEBUG_INFO = INCLUDE_SOURCE;
				MTL_FAST_MATH = YES;
				ONLY_ACTIVE_ARCH = YES;
				SDKROOT = iphoneos;
				SWIFT_ACTIVE_COMPILATION_CONDITIONS = DEBUG;
				SWIFT_OPTIMIZATION_LEVEL = "-Onone";
			};
			name = Debug;
		};
		018734C425E91EEA0026B28E /* Release */ = {
			isa = XCBuildConfiguration;
			buildSettings = {
				ALWAYS_SEARCH_USER_PATHS = NO;
				CLANG_ANALYZER_NONNULL = YES;
				CLANG_ANALYZER_NUMBER_OBJECT_CONVERSION = YES_AGGRESSIVE;
				CLANG_CXX_LANGUAGE_STANDARD = "gnu++14";
				CLANG_CXX_LIBRARY = "libc++";
				CLANG_ENABLE_MODULES = YES;
				CLANG_ENABLE_OBJC_ARC = YES;
				CLANG_ENABLE_OBJC_WEAK = YES;
				CLANG_WARN_BLOCK_CAPTURE_AUTORELEASING = YES;
				CLANG_WARN_BOOL_CONVERSION = YES;
				CLANG_WARN_COMMA = YES;
				CLANG_WARN_CONSTANT_CONVERSION = YES;
				CLANG_WARN_DEPRECATED_OBJC_IMPLEMENTATIONS = YES;
				CLANG_WARN_DIRECT_OBJC_ISA_USAGE = YES_ERROR;
				CLANG_WARN_DOCUMENTATION_COMMENTS = YES;
				CLANG_WARN_EMPTY_BODY = YES;
				CLANG_WARN_ENUM_CONVERSION = YES;
				CLANG_WARN_INFINITE_RECURSION = YES;
				CLANG_WARN_INT_CONVERSION = YES;
				CLANG_WARN_NON_LITERAL_NULL_CONVERSION = YES;
				CLANG_WARN_OBJC_IMPLICIT_RETAIN_SELF = YES;
				CLANG_WARN_OBJC_LITERAL_CONVERSION = YES;
				CLANG_WARN_OBJC_ROOT_CLASS = YES_ERROR;
				CLANG_WARN_QUOTED_INCLUDE_IN_FRAMEWORK_HEADER = YES;
				CLANG_WARN_RANGE_LOOP_ANALYSIS = YES;
				CLANG_WARN_STRICT_PROTOTYPES = YES;
				CLANG_WARN_SUSPICIOUS_MOVE = YES;
				CLANG_WARN_UNGUARDED_AVAILABILITY = YES_AGGRESSIVE;
				CLANG_WARN_UNREACHABLE_CODE = YES;
				CLANG_WARN__DUPLICATE_METHOD_MATCH = YES;
				COPY_PHASE_STRIP = NO;
				DEBUG_INFORMATION_FORMAT = "dwarf-with-dsym";
				ENABLE_NS_ASSERTIONS = NO;
				ENABLE_STRICT_OBJC_MSGSEND = YES;
				GCC_C_LANGUAGE_STANDARD = gnu11;
				GCC_NO_COMMON_BLOCKS = YES;
				GCC_WARN_64_TO_32_BIT_CONVERSION = YES;
				GCC_WARN_ABOUT_RETURN_TYPE = YES_ERROR;
				GCC_WARN_UNDECLARED_SELECTOR = YES;
				GCC_WARN_UNINITIALIZED_AUTOS = YES_AGGRESSIVE;
				GCC_WARN_UNUSED_FUNCTION = YES;
				GCC_WARN_UNUSED_VARIABLE = YES;
				IPHONEOS_DEPLOYMENT_TARGET = 14.4;
				MTL_ENABLE_DEBUG_INFO = NO;
				MTL_FAST_MATH = YES;
				SDKROOT = iphoneos;
				SWIFT_COMPILATION_MODE = wholemodule;
				SWIFT_OPTIMIZATION_LEVEL = "-O";
				VALIDATE_PRODUCT = YES;
			};
			name = Release;
		};
		018734C625E91EEA0026B28E /* Debug */ = {
			isa = XCBuildConfiguration;
			buildSettings = {
				ASSETCATALOG_COMPILER_APPICON_NAME = AppIcon;
				ASSETCATALOG_COMPILER_GLOBAL_ACCENT_COLOR_NAME = AccentColor;
				CODE_SIGN_STYLE = Automatic;
				DEVELOPMENT_TEAM = R986STKYJ7;
				INFOPLIST_FILE = iSpy/Info.plist;
				LD_RUNPATH_SEARCH_PATHS = (
					"$(inherited)",
					"@executable_path/Frameworks",
				);
				PRODUCT_BUNDLE_IDENTIFIER = com.ByCyril.iSpy;
				PRODUCT_NAME = "$(TARGET_NAME)";
				SWIFT_VERSION = 5.0;
				TARGETED_DEVICE_FAMILY = "1,2";
			};
			name = Debug;
		};
		018734C725E91EEA0026B28E /* Release */ = {
			isa = XCBuildConfiguration;
			buildSettings = {
				ASSETCATALOG_COMPILER_APPICON_NAME = AppIcon;
				ASSETCATALOG_COMPILER_GLOBAL_ACCENT_COLOR_NAME = AccentColor;
				CODE_SIGN_STYLE = Automatic;
				DEVELOPMENT_TEAM = R986STKYJ7;
				INFOPLIST_FILE = iSpy/Info.plist;
				LD_RUNPATH_SEARCH_PATHS = (
					"$(inherited)",
					"@executable_path/Frameworks",
				);
				PRODUCT_BUNDLE_IDENTIFIER = com.ByCyril.iSpy;
				PRODUCT_NAME = "$(TARGET_NAME)";
				SWIFT_VERSION = 5.0;
				TARGETED_DEVICE_FAMILY = "1,2";
			};
			name = Release;
		};
/* End XCBuildConfiguration section */

/* Begin XCConfigurationList section */
		018734AC25E91EE90026B28E /* Build configuration list for PBXProject "iSpy" */ = {
			isa = XCConfigurationList;
			buildConfigurations = (
				018734C325E91EEA0026B28E /* Debug */,
				018734C425E91EEA0026B28E /* Release */,
			);
			defaultConfigurationIsVisible = 0;
			defaultConfigurationName = Release;
		};
		018734C525E91EEA0026B28E /* Build configuration list for PBXNativeTarget "iSpy" */ = {
			isa = XCConfigurationList;
			buildConfigurations = (
				018734C625E91EEA0026B28E /* Debug */,
				018734C725E91EEA0026B28E /* Release */,
			);
			defaultConfigurationIsVisible = 0;
			defaultConfigurationName = Release;
		};
/* End XCConfigurationList section */
	};
	rootObject = 018734A925E91EE90026B28E /* Project object */;
}
